
Microsoft Visual Studio Solution File, Format Version 12.00
# Visual Studio Version 17
VisualStudioVersion = 17.4.33122.133
MinimumVisualStudioVersion = 10.0.40219.1
Project("{FAE04EC0-301F-11D3-BF4B-00C04F79EFBC}") = "LetsTryOutListsAndDictionaries", "LetsTryOutListsAndDictionaries\LetsTryOutListsAndDictionaries.csproj", "{547F8D02-483F-4EE1-BA4C-569663A9513E}"
EndProject
Global
	GlobalSection(SolutionConfigurationPlatforms) = preSolution
		Debug|Any CPU = Debug|Any CPU
		Release|Any CPU = Release|Any CPU
	EndGlobalSection
	GlobalSection(ProjectConfigurationPlatforms) = postSolution
		{547F8D02-483F-4EE1-BA4C-569663A9513E}.Debug|Any CPU.ActiveCfg = Debug|Any CPU
		{547F8D02-483F-4EE1-BA4C-569663A9513E}.Debug|Any CPU.Build.0 = Debug|Any CPU
		{547F8D02-483F-4EE1-BA4C-569663A9513E}.Release|Any CPU.ActiveCfg = Release|Any CPU
		{547F8D02-483F-4EE1-BA4C-569663A9513E}.Release|Any CPU.Build.0 = Release|Any CPU
	EndGlobalSection
	GlobalSection(SolutionProperties) = preSolution
		HideSolutionNode = FALSE
	EndGlobalSection
	GlobalSection(ExtensibilityGlobals) = postSolution
		SolutionGuid = {66B20FB5-6AA2-4654-96DA-0286A98EA952}
	EndGlobalSection
EndGlobal
